Microsoft Visual Studio Solution File, Format Version 12.00
# Visual Studio Version 17
VisualStudioVersion = 17.5.2.0
MinimumVisualStudioVersion = 10.0.40219.1
Project("{FAE04EC0-301F-11D3-BF4B-00C04F79EFBC}") = "Chaos.Api", "Chaos.Api.csproj", "{11394AD8-EBC3-5655-7ABF-BEA3DF5DB489}"
EndProject
Global
	GlobalSection(SolutionConfigurationPlatforms) = preSolution
		Debug|Any CPU = Debug|Any CPU
		Release|Any CPU = Release|Any CPU
	EndGlobalSection
	GlobalSection(ProjectConfigurationPlatforms) = postSolution
		{11394AD8-EBC3-5655-7ABF-BEA3DF5DB489}.Debug|Any CPU.ActiveCfg = Debug|Any CPU
		{11394AD8-EBC3-5655-7ABF-BEA3DF5DB489}.Debug|Any CPU.Build.0 = Debug|Any CPU
		{11394AD8-EBC3-5655-7ABF-BEA3DF5DB489}.Release|Any CPU.ActiveCfg = Release|Any CPU
		{11394AD8-EBC3-5655-7ABF-BEA3DF5DB489}.Release|Any CPU.Build.0 = Release|Any CPU
	EndGlobalSection
	GlobalSection(SolutionProperties) = preSolution
		HideSolutionNode = FALSE
	EndGlobalSection
	GlobalSection(ExtensibilityGlobals) = postSolution
		SolutionGuid = {A6A2F7E1-6165-4800-B6F1-C64B917DF3A9}
	EndGlobalSection
EndGlobal
